
Microsoft Visual Studio Solution File, Format Version 12.00
# Visual Studio Version 16
VisualStudioVersion = 16.0.34031.81
MinimumVisualStudioVersion = 10.0.40219.1
Project("{FAE04EC0-301F-11D3-BF4B-00C04F79EFBC}") = "sudoku_win", "sudoku_win.csproj", "{18C4063C-D353-42A9-A249-B93B9AE51B2F}"
EndProject
Global
	GlobalSection(SolutionConfigurationPlatforms) = preSolution
		Debug|Any CPU = Debug|Any CPU
		Release|Any CPU = Release|Any CPU
	EndGlobalSection
	GlobalSection(ProjectConfigurationPlatforms) = postSolution
		{18C4063C-D353-42A9-A249-B93B9AE51B2F}.Debug|Any CPU.ActiveCfg = Debug|Any CPU
		{18C4063C-D353-42A9-A249-B93B9AE51B2F}.Debug|Any CPU.Build.0 = Debug|Any CPU
		{18C4063C-D353-42A9-A249-B93B9AE51B2F}.Release|Any CPU.ActiveCfg = Release|Any CPU
		{18C4063C-D353-42A9-A249-B93B9AE51B2F}.Release|Any CPU.Build.0 = Release|Any CPU
	EndGlobalSection
	GlobalSection(SolutionProperties) = preSolution
		HideSolutionNode = FALSE
	EndGlobalSection
	GlobalSection(ExtensibilityGlobals) = postSolution
		SolutionGuid = {C8144A9F-E521-4A2A-AFF7-0E36801AB3B6}
	EndGlobalSection
EndGlobal
